lockfileVersion: '9.0'

settings:
  autoInstallPeers: true
  excludeLinksFromLockfile: false

importers:

  .:
    dependencies:
      tdesign-miniprogram:
        specifier: ^1.6.0
        version: 1.6.0

packages:

  dayjs@1.11.13:
    resolution: {integrity: sha512-oaMBel6gjolK862uaPQOVTA7q3TZhuSvuMQAAglQDOWYO9A91IrAOUJEyKVlqJlHE0vq5p5UXxzdPfMH/x6xNg==}

  tdesign-miniprogram@1.6.0:
    resolution: {integrity: sha512-snrDrHRZW8xyNdgeih5Daf8Ii502oIREU4N5fyKDh4ZTT4Ex366+AeQPKOO7vMeavSH0IiXl8yEVFwiM7HHATg==}

snapshots:

  dayjs@1.11.13: {}

  tdesign-miniprogram@1.6.0:
    dependencies:
      dayjs: 1.11.13
